
Microsoft Visual Studio Solution File, Format Version 12.00
# Visual Studio Version 16
VisualStudioVersion = 16.0.30503.244
MinimumVisualStudioVersion = 10.0.40219.1
Project("{FAE04EC0-301F-11D3-BF4B-00C04F79EFBC}") = "PasteToFile", "PasteToFile.csproj", "{5AE35A41-A584-48E6-89C6-B101C6979ECB}"
EndProject
Global
	GlobalSection(SolutionConfigurationPlatforms) = preSolution
		Debug|Any CPU = Debug|Any CPU
		Release|Any CPU = Release|Any CPU
	EndGlobalSection
	GlobalSection(ProjectConfigurationPlatforms) = postSolution
		{5AE35A41-A584-48E6-89C6-B101C6979ECB}.Debug|Any CPU.ActiveCfg = Debug|Any CPU
		{5AE35A41-A584-48E6-89C6-B101C6979ECB}.Debug|Any CPU.Build.0 = Debug|Any CPU
		{5AE35A41-A584-48E6-89C6-B101C6979ECB}.Release|Any CPU.ActiveCfg = Release|Any CPU
		{5AE35A41-A584-48E6-89C6-B101C6979ECB}.Release|Any CPU.Build.0 = Release|Any CPU
	EndGlobalSection
	GlobalSection(SolutionProperties) = preSolution
		HideSolutionNode = FALSE
	EndGlobalSection
	GlobalSection(ExtensibilityGlobals) = postSolution
		SolutionGuid = {8B12DE1C-BF8C-4754-B7D9-8A9477B7EE79}
	EndGlobalSection
EndGlobal
